{
  "name": "ratelimited-api",
  "version": "1.0.0",
  "lockfileVersion": 3,
  "requires": true,
  "packages": {
    "": {
      "name": "ratelimited-api",
      "version": "1.0.0",
      "license": "ISC",
      "dependencies": {
        "hono": "^4.6.9"
      }
    },
    "node_modules/hono": {
      "version": "4.6.9",
      "resolved": "https://registry.npmjs.org/hono/-/hono-4.6.9.tgz",
      "integrity": "sha512-p/pN5yZLuZaHzyAOT2nw2/Ud6HhJHYmDNGH6Ck1OWBhPMVeM1r74jbCRwNi0gyFRjjbsGgoHbOyj7mT1PDNbTw==",
      "engines": {
        "node": ">=16.9.0"
      }
    }
  }
}
